
Microsoft Visual Studio Solution File, Format Version 12.00
# Visual Studio Version 16
VisualStudioVersion = 16.0.30204.135
MinimumVisualStudioVersion = 10.0.40219.1
Project("{FAE04EC0-301F-11D3-BF4B-00C04F79EFBC}") = "GestaoFinanceira", "GestaoFinanceira\GestaoFinanceira.csproj", "{30E656AB-04DB-4151-BD22-B84E7CE63B7E}"
EndProject
Global
	GlobalSection(SolutionConfigurationPlatforms) = preSolution
		Debug|Any CPU = Debug|Any CPU
		Release|Any CPU = Release|Any CPU
	EndGlobalSection
	GlobalSection(ProjectConfigurationPlatforms) = postSolution
		{30E656AB-04DB-4151-BD22-B84E7CE63B7E}.Debug|Any CPU.ActiveCfg = Debug|Any CPU
		{30E656AB-04DB-4151-BD22-B84E7CE63B7E}.Debug|Any CPU.Build.0 = Debug|Any CPU
		{30E656AB-04DB-4151-BD22-B84E7CE63B7E}.Release|Any CPU.ActiveCfg = Release|Any CPU
		{30E656AB-04DB-4151-BD22-B84E7CE63B7E}.Release|Any CPU.Build.0 = Release|Any CPU
	EndGlobalSection
	GlobalSection(SolutionProperties) = preSolution
		HideSolutionNode = FALSE
	EndGlobalSection
	GlobalSection(ExtensibilityGlobals) = postSolution
		SolutionGuid = {1D7AACEC-F54C-4AA1-829D-62BE3B748056}
	EndGlobalSection
EndGlobal
